// !$*UTF8*$!
{
	archiveVersion = 1;
	classes = {
	};
	objectVersion = 50;
	objects = {

/* Begin PBXBuildFile section */
		2102B31D2434882D001A6958 /* AppDelegate.m in Sources */ = {isa = PBXBuildFile; fileRef = 2102B31C2434882D001A6958 /* AppDelegate.m */; };
		2102B3202434882D001A6958 /* SceneDelegate.m in Sources */ = {isa = PBXBuildFile; fileRef = 2102B31F2434882D001A6958 /* SceneDelegate.m */; };
		2102B3232434882D001A6958 /* ViewController.m in Sources */ = {isa = PBXBuildFile; fileRef = 2102B3222434882D001A6958 /* ViewController.m */; };
		2102B3262434882D001A6958 /* Main.storyboard in Resources */ = {isa = PBXBuildFile; fileRef = 2102B3242434882D001A6958 /* Main.storyboard */; };
		2102B32824348831001A6958 /* Assets.xcassets in Resources */ = {isa = PBXBuildFile; fileRef = 2102B32724348831001A6958 /* Assets.xcassets */; };
		2102B32B24348831001A6958 /* LaunchScreen.storyboard in Resources */ = {isa = PBXBuildFile; fileRef = 2102B32924348831001A6958 /* LaunchScreen.storyboard */; };
		2102B32E24348831001A6958 /* main.m in Sources */ = {isa = PBXBuildFile; fileRef = 2102B32D24348831001A6958 /* main.m */; };
		2102B33A24348861001A6958 /* HMBaseTableView.m in Sources */ = {isa = PBXBuildFile; fileRef = 2102B33524348861001A6958 /* HMBaseTableView.m */; };
		2102B33B24348861001A6958 /* UIScrollView+EmptyDataSet.m in Sources */ = {isa = PBXBuildFile; fileRef = 2102B33824348861001A6958 /* UIScrollView+EmptyDataSet.m */; };
/* End PBXBuildFile section */

/* Begin PBXFileReference section */
		2102B3182434882D001A6958 /* XQBaseTableView.app */ = {isa = PBXFileReference; explicitFileType = wrapper.application; includeInIndex = 0; path = XQBaseTableView.app; sourceTree = BUILT_PRODUCTS_DIR; };
		2102B31B2434882D001A6958 /* AppDelegate.h */ = {isa = PBXFileReference; lastKnownFileType = sourcecode.c.h; path = AppDelegate.h; sourceTree = "<group>"; };
		2102B31C2434882D001A6958 /* AppDelegate.m */ = {isa = PBXFileReference; lastKnownFileType = sourcecode.c.objc; path = AppDelegate.m; sourceTree = "<group>"; };
		2102B31E2434882D001A6958 /* SceneDelegate.h */ = {isa = PBXFileReference; lastKnownFileType = sourcecode.c.h; path = SceneDelegate.h; sourceTree = "<group>"; };
		2102B31F2434882D001A6958 /* SceneDelegate.m */ = {isa = PBXFileReference; lastKnownFileType = sourcecode.c.objc; path = SceneDelegate.m; sourceTree = "<group>"; };
		2102B3212434882D001A6958 /* ViewController.h */ = {isa = PBXFileReference; lastKnownFileType = sourcecode.c.h; path = ViewController.h; sourceTree = "<group>"; };
		2102B3222434882D001A6958 /* ViewController.m */ = {isa = PBXFileReference; lastKnownFileType = sourcecode.c.objc; path = ViewController.m; sourceTree = "<group>"; };
		2102B3252434882D001A6958 /* Base */ = {isa = PBXFileReference; lastKnownFileType = file.storyboard; name = Base; path = Base.lproj/Main.storyboard; sourceTree = "<group>"; };
		2102B32724348831001A6958 /* Assets.xcassets */ = {isa = PBXFileReference; lastKnownFileType = folder.assetcatalog; path = Assets.xcassets; sourceTree = "<group>"; };
		2102B32A24348831001A6958 /* Base */ = {isa = PBXFileReference; lastKnownFileType = file.storyboard; name = Base; path = Base.lproj/LaunchScreen.storyboard; sourceTree = "<group>"; };
		2102B32C24348831001A6958 /* Info.plist */ = {isa = PBXFileReference; lastKnownFileType = text.plist.xml; path = Info.plist; sourceTree = "<group>"; };
		2102B32D24348831001A6958 /* main.m */ = {isa = PBXFileReference; lastKnownFileType = sourcecode.c.objc; path = main.m; sourceTree = "<group>"; };
		2102B33524348861001A6958 /* HMBaseTableView.m */ = {isa = PBXFileReference; fileEncoding = 4; lastKnownFileType = sourcecode.c.objc; path = HMBaseTableView.m; sourceTree = "<group>"; };
		2102B33624348861001A6958 /* HMBaseTableView.h */ = {isa = PBXFileReference; fileEncoding = 4; lastKnownFileType = sourcecode.c.h; path = HMBaseTableView.h; sourceTree = "<group>"; };
		2102B33824348861001A6958 /* UIScrollView+EmptyDataSet.m */ = {isa = PBXFileReference; fileEncoding = 4; lastKnownFileType = sourcecode.c.objc; path = "UIScrollView+EmptyDataSet.m"; sourceTree = "<group>"; };
		2102B33924348861001A6958 /* UIScrollView+EmptyDataSet.h */ = {isa = PBXFileReference; fileEncoding = 4; lastKnownFileType = sourcecode.c.h; path = "UIScrollView+EmptyDataSet.h"; sourceTree = "<group>"; };
/* End PBXFileReference section */

/* Begin PBXFrameworksBuildPhase section */
		2102B3152434882D001A6958 /* Frameworks */ = {
			isa = PBXFrameworksBuildPhase;
			buildActionMask = 2147483647;
			files = (
			);
			runOnlyForDeploymentPostprocessing = 0;
		};
/* End PBXFrameworksBuildPhase section */

/* Begin PBXGroup section */
		2102B30F2434882D001A6958 = {
			isa = PBXGroup;
			children = (
				2102B31A2434882D001A6958 /* XQBaseTableView */,
				2102B3192434882D001A6958 /* Products */,
			);
			sourceTree = "<group>";
		};
		2102B3192434882D001A6958 /* Products */ = {
			isa = PBXGroup;
			children = (
				2102B3182434882D001A6958 /* XQBaseTableView.app */,
			);
			name = Products;
			sourceTree = "<group>";
		};
		2102B31A2434882D001A6958 /* XQBaseTableView */ = {
			isa = PBXGroup;
			children = (
				2102B33424348861001A6958 /* TableView */,
				2102B31B2434882D001A6958 /* AppDelegate.h */,
				2102B31C2434882D001A6958 /* AppDelegate.m */,
				2102B31E2434882D001A6958 /* SceneDelegate.h */,
				2102B31F2434882D001A6958 /* SceneDelegate.m */,
				2102B3212434882D001A6958 /* ViewController.h */,
				2102B3222434882D001A6958 /* ViewController.m */,
				2102B3242434882D001A6958 /* Main.storyboard */,
				2102B32724348831001A6958 /* Assets.xcassets */,
				2102B32924348831001A6958 /* LaunchScreen.storyboard */,
				2102B32C24348831001A6958 /* Info.plist */,
				2102B32D24348831001A6958 /* main.m */,
			);
			path = XQBaseTableView;
			sourceTree = "<group>";
		};
		2102B33424348861001A6958 /* TableView */ = {
			isa = PBXGroup;
			children = (
				2102B33724348861001A6958 /* DZNEmptyDataSet */,
				2102B33624348861001A6958 /* HMBaseTableView.h */,
				2102B33524348861001A6958 /* HMBaseTableView.m */,
			);
			path = TableView;
			sourceTree = "<group>";
		};
		2102B33724348861001A6958 /* DZNEmptyDataSet */ = {
			isa = PBXGroup;
			children = (
				2102B33924348861001A6958 /* UIScrollView+EmptyDataSet.h */,
				2102B33824348861001A6958 /* UIScrollView+EmptyDataSet.m */,
			);
			path = DZNEmptyDataSet;
			sourceTree = "<group>";
		};
/* End PBXGroup section */

/* Begin PBXNativeTarget section */
		2102B3172434882D001A6958 /* XQBaseTableView */ = {
			isa = PBXNativeTarget;
			buildConfigurationList = 2102B33124348831001A6958 /* Build configuration list for PBXNativeTarget "XQBaseTableView" */;
			buildPhases = (
				2102B3142434882D001A6958 /* Sources */,
				2102B3152434882D001A6958 /* Frameworks */,
				2102B3162434882D001A6958 /* Resources */,
			);
			buildRules = (
			);
			dependencies = (
			);
			name = XQBaseTableView;
			productName = XQBaseTableView;
			productReference = 2102B3182434882D001A6958 /* XQBaseTableView.app */;
			productType = "com.apple.product-type.application";
		};
/* End PBXNativeTarget section */

/* Begin PBXProject section */
		2102B3102434882D001A6958 /* Project object */ = {
			isa = PBXProject;
			attributes = {
				LastUpgradeCheck = 1130;
				ORGANIZATIONNAME = bruce;
				TargetAttributes = {
					2102B3172434882D001A6958 = {
						CreatedOnToolsVersion = 11.3.1;
					};
				};
			};
			buildConfigurationList = 2102B3132434882D001A6958 /* Build configuration list for PBXProject "XQBaseTableView" */;
			compatibilityVersion = "Xcode 9.3";
			developmentRegion = en;
			hasScannedForEncodings = 0;
			knownRegions = (
				en,
				Base,
			);
			mainGroup = 2102B30F2434882D001A6958;
			productRefGroup = 2102B3192434882D001A6958 /* Products */;
			projectDirPath = "";
			projectRoot = "";
			targets = (
				2102B3172434882D001A6958 /* XQBaseTableView */,
			);
		};
/* End PBXProject section */

/* Begin PBXResourcesBuildPhase section */
		2102B3162434882D001A6958 /* Resources */ = {
			isa = PBXResourcesBuildPhase;
			buildActionMask = 2147483647;
			files = (
				2102B32B24348831001A6958 /* LaunchScreen.storyboard in Resources */,
				2102B32824348831001A6958 /* Assets.xcassets in Resources */,
				2102B3262434882D001A6958 /* Main.storyboard in Resources */,
			);
			runOnlyForDeploymentPostprocessing = 0;
		};
/* End PBXResourcesBuildPhase section */

/* Begin PBXSourcesBuildPhase section */
		2102B3142434882D001A6958 /* Sources */ = {
			isa = PBXSourcesBuildPhase;
			buildActionMask = 2147483647;
			files = (
				2102B3232434882D001A6958 /* ViewController.m in Sources */,
				2102B31D2434882D001A6958 /* AppDelegate.m in Sources */,
				2102B32E24348831001A6958 /* main.m in Sources */,
				2102B3202434882D001A6958 /* SceneDelegate.m in Sources */,
				2102B33B24348861001A6958 /* UIScrollView+EmptyDataSet.m in Sources */,
				2102B33A24348861001A6958 /* HMBaseTableView.m in Sources */,
			);
			runOnlyForDeploymentPostprocessing = 0;
		};
/* End PBXSourcesBuildPhase section */

/* Begin PBXVariantGroup section */
		2102B3242434882D001A6958 /* Main.storyboard */ = {
			isa = PBXVariantGroup;
			children = (
				2102B3252434882D001A6958 /* Base */,
			);
			name = Main.storyboard;
			sourceTree = "<group>";
		};
		2102B32924348831001A6958 /* LaunchScreen.storyboard */ = {
			isa = PBXVariantGroup;
			children = (
				2102B32A24348831001A6958 /* Base */,
			);
			name = LaunchScreen.storyboard;
			sourceTree = "<group>";
		};
/* End PBXVariantGroup section */

/* Begin XCBuildConfiguration section */
		2102B32F24348831001A6958 /* Debug */ = {
			isa = XCBuildConfiguration;
			buildSettings = {
				ALWAYS_SEARCH_USER_PATHS = NO;
				CLANG_ANALYZER_NONNULL = YES;
				CLANG_ANALYZER_NUMBER_OBJECT_CONVERSION = YES_AGGRESSIVE;
				CLANG_CXX_LANGUAGE_STANDARD = "gnu++14";
				CLANG_CXX_LIBRARY = "libc++";
				CLANG_ENABLE_MODULES = YES;
				CLANG_ENABLE_OBJC_ARC = YES;
				CLANG_ENABLE_OBJC_WEAK = YES;
				CLANG_WARN_BLOCK_CAPTURE_AUTORELEASING = YES;
				CLANG_WARN_BOOL_CONVERSION = YES;
				CLANG_WARN_COMMA = YES;
				CLANG_WARN_CONSTANT_CONVERSION = YES;
				CLANG_WARN_DEPRECATED_OBJC_IMPLEMENTATIONS = YES;
				CLANG_WARN_DIRECT_OBJC_ISA_USAGE = YES_ERROR;
				CLANG_WARN_DOCUMENTATION_COMMENTS = YES;
				CLANG_WARN_EMPTY_BODY = YES;
				CLANG_WARN_ENUM_CONVERSION = YES;
				CLANG_WARN_INFINITE_RECURSION = YES;
				CLANG_WARN_INT_CONVERSION = YES;
				CLANG_WARN_NON_LITERAL_NULL_CONVERSION = YES;
				CLANG_WARN_OBJC_IMPLICIT_RETAIN_SELF = YES;
				CLANG_WARN_OBJC_LITERAL_CONVERSION = YES;
				CLANG_WARN_OBJC_ROOT_CLASS = YES_ERROR;
				CLANG_WARN_RANGE_LOOP_ANALYSIS = YES;
				CLANG_WARN_STRICT_PROTOTYPES = YES;
				CLANG_WARN_SUSPICIOUS_MOVE = YES;
				CLANG_WARN_UNGUARDED_AVAILABILITY = YES_AGGRESSIVE;
				CLANG_WARN_UNREACHABLE_CODE = YES;
				CLANG_WARN__DUPLICATE_METHOD_MATCH = YES;
				COPY_PHASE_STRIP = NO;
				DEBUG_INFORMATION_FORMAT = dwarf;
				ENABLE_STRICT_OBJC_MSGSEND = YES;
				ENABLE_TESTABILITY = YES;
				GCC_C_LANGUAGE_STANDARD = gnu11;
				GCC_DYNAMIC_NO_PIC = NO;
				GCC_NO_COMMON_BLOCKS = YES;
				GCC_OPTIMIZATION_LEVEL = 0;
				GCC_PREPROCESSOR_DEFINITIONS = (
					"DEBUG=1",
					"$(inherited)",
				);
				GCC_WARN_64_TO_32_BIT_CONVERSION = YES;
				GCC_WARN_ABOUT_RETURN_TYPE = YES_ERROR;
				GCC_WARN_UNDECLARED_SELECTOR = YES;
				GCC_WARN_UNINITIALIZED_AUTOS = YES_AGGRESSIVE;
				GCC_WARN_UNUSED_FUNCTION = YES;
				GCC_WARN_UNUSED_VARIABLE = YES;
				IPHONEOS_DEPLOYMENT_TARGET = 13.2;
				MTL_ENABLE_DEBUG_INFO = INCLUDE_SOURCE;
				MTL_FAST_MATH = YES;
				ONLY_ACTIVE_ARCH = YES;
				SDKROOT = iphoneos;
			};
			name = Debug;
		};
		2102B33024348831001A6958 /* Release */ = {
			isa = XCBuildConfiguration;
			buildSettings = {
				ALWAYS_SEARCH_USER_PATHS = NO;
				CLANG_ANALYZER_NONNULL = YES;
				CLANG_ANALYZER_NUMBER_OBJECT_CONVERSION = YES_AGGRESSIVE;
				CLANG_CXX_LANGUAGE_STANDARD = "gnu++14";
				CLANG_CXX_LIBRARY = "libc++";
				CLANG_ENABLE_MODULES = YES;
				CLANG_ENABLE_OBJC_ARC = YES;
				CLANG_ENABLE_OBJC_WEAK = YES;
				CLANG_WARN_BLOCK_CAPTURE_AUTORELEASING = YES;
				CLANG_WARN_BOOL_CONVERSION = YES;
				CLANG_WARN_COMMA = YES;
				CLANG_WARN_CONSTANT_CONVERSION = YES;
				CLANG_WARN_DEPRECATED_OBJC_IMPLEMENTATIONS = YES;
				CLANG_WARN_DIRECT_OBJC_ISA_USAGE = YES_ERROR;
				CLANG_WARN_DOCUMENTATION_COMMENTS = YES;
				CLANG_WARN_EMPTY_BODY = YES;
				CLANG_WARN_ENUM_CONVERSION = YES;
				CLANG_WARN_INFINITE_RECURSION = YES;
				CLANG_WARN_INT_CONVERSION = YES;
				CLANG_WARN_NON_LITERAL_NULL_CONVERSION = YES;
				CLANG_WARN_OBJC_IMPLICIT_RETAIN_SELF = YES;
				CLANG_WARN_OBJC_LITERAL_CONVERSION = YES;
				CLANG_WARN_OBJC_ROOT_CLASS = YES_ERROR;
				CLANG_WARN_RANGE_LOOP_ANALYSIS = YES;
				CLANG_WARN_STRICT_PROTOTYPES = YES;
				CLANG_WARN_SUSPICIOUS_MOVE = YES;
				CLANG_WARN_UNGUARDED_AVAILABILITY = YES_AGGRESSIVE;
				CLANG_WARN_UNREACHABLE_CODE = YES;
				CLANG_WARN__DUPLICATE_METHOD_MATCH = YES;
				COPY_PHASE_STRIP = NO;
				DEBUG_INFORMATION_FORMAT = "dwarf-with-dsym";
				ENABLE_NS_ASSERTIONS = NO;
				ENABLE_STRICT_OBJC_MSGSEND = YES;
				GCC_C_LANGUAGE_STANDARD = gnu11;
				GCC_NO_COMMON_BLOCKS = YES;
				GCC_WARN_64_TO_32_BIT_CONVERSION = YES;
				GCC_WARN_ABOUT_RETURN_TYPE = YES_ERROR;
				GCC_WARN_UNDECLARED_SELECTOR = YES;
				GCC_WARN_UNINITIALIZED_AUTOS = YES_AGGRESSIVE;
				GCC_WARN_UNUSED_FUNCTION = YES;
				GCC_WARN_UNUSED_VARIABLE = YES;
				IPHONEOS_DEPLOYMENT_TARGET = 13.2;
				MTL_ENABLE_DEBUG_INFO = NO;
				MTL_FAST_MATH = YES;
				SDKROOT = iphoneos;
				VALIDATE_PRODUCT = YES;
			};
			name = Release;
		};
		2102B33224348831001A6958 /* Debug */ = {
			isa = XCBuildConfiguration;
			buildSettings = {
				ASSETCATALOG_COMPILER_APPICON_NAME = AppIcon;
				CODE_SIGN_STYLE = Automatic;
				INFOPLIST_FILE = XQBaseTableView/Info.plist;
				LD_RUNPATH_SEARCH_PATHS = (
					"$(inherited)",
					"@executable_path/Frameworks",
				);
				PRODUCT_BUNDLE_IDENTIFIER = bruce.XQBaseTableView;
				PRODUCT_NAME = "$(TARGET_NAME)";
				TARGETED_DEVICE_FAMILY = "1,2";
			};
			name = Debug;
		};
		2102B33324348831001A6958 /* Release */ = {
			isa = XCBuildConfiguration;
			buildSettings = {
				ASSETCATALOG_COMPILER_APPICON_NAME = AppIcon;
				CODE_SIGN_STYLE = Automatic;
				INFOPLIST_FILE = XQBaseTableView/Info.plist;
				LD_RUNPATH_SEARCH_PATHS = (
					"$(inherited)",
					"@executable_path/Frameworks",
				);
				PRODUCT_BUNDLE_IDENTIFIER = bruce.XQBaseTableView;
				PRODUCT_NAME = "$(TARGET_NAME)";
				TARGETED_DEVICE_FAMILY = "1,2";
			};
			name = Release;
		};
/* End XCBuildConfiguration section */

/* Begin XCConfigurationList section */
		2102B3132434882D001A6958 /* Build configuration list for PBXProject "XQBaseTableView" */ = {
			isa = XCConfigurationList;
			buildConfigurations = (
				2102B32F24348831001A6958 /* Debug */,
				2102B33024348831001A6958 /* Release */,
			);
			defaultConfigurationIsVisible = 0;
			defaultConfigurationName = Release;
		};
		2102B33124348831001A6958 /* Build configuration list for PBXNativeTarget "XQBaseTableView" */ = {
			isa = XCConfigurationList;
			buildConfigurations = (
				2102B33224348831001A6958 /* Debug */,
				2102B33324348831001A6958 /* Release */,
			);
			defaultConfigurationIsVisible = 0;
			defaultConfigurationName = Release;
		};
/* End XCConfigurationList section */
	};
	rootObject = 2102B3102434882D001A6958 /* Project object */;
}
